<?xml version="1.0" encoding="utf-8"?>
<Project ToolsVersion="4.0" xmlns="http://schemas.microsoft.com/developer/msbuild/2003">
  <ItemGroup>
    <Filter Include="Archivos de origen">
      <UniqueIdentifier>{4FC737F1-C7A5-4376-A066-2A32D752A2FF}</UniqueIdentifier>
      <Extensions>cpp;c;cc;cxx;def;odl;idl;hpj;bat;asm;asmx</Extensions>
    </Filter>
    <Filter Include="Archivos de encabezado">
      <UniqueIdentifier>{93995380-89BD-4b04-88EB-625FBE52EBFB}</UniqueIdentifier>
      <Extensions>h;hh;hpp;hxx;hm;inl;inc;xsd</Extensions>
    </Filter>
    <Filter Include="Archivos de recursos">
      <UniqueIdentifier>{67DA6AB6-F800-4c08-8B7A-83BB121AAD01}</UniqueIdentifier>
      <Extensions>rc;ico;cur;bmp;dlg;rc2;rct;bin;rgs;gif;jpg;jpeg;jpe;resx;tiff;tif;png;wav;mfcribbon-ms</Extensions>
    </Filter>
    <Filter Include="Archivos de encabezado\System">
      <UniqueIdentifier>{796d8947-475f-4ffa-ae13-86022f2d38f7}</UniqueIdentifier>
    </Filter>
    <Filter Include="Archivos de encabezado\System\ModelLoading">
      <UniqueIdentifier>{228f6bac-0494-4ca7-9b0b-a9400ac1612f}</UniqueIdentifier>
    </Filter>
    <Filter Include="Archivos de encabezado\Rendering">
      <UniqueIdentifier>{5a31729b-3426-4d1e-98a5-ef1e404f939d}</UniqueIdentifier>
    </Filter>
    <Filter Include="Archivos de origen\system">
      <UniqueIdentifier>{bd1dc1e3-d13e-4fad-856c-ec3cec1ca6a7}</UniqueIdentifier>
    </Filter>
    <Filter Include="Archivos de origen\system\ModelLoading">
      <UniqueIdentifier>{ab150652-1e7f-46d7-98b9-a6f14b46ed63}</UniqueIdentifier>
    </Filter>
    <Filter Include="Archivos de origen\render">
      <UniqueIdentifier>{4063cba4-6011-40e4-8dee-146bdeff06d6}</UniqueIdentifier>
    </Filter>
    <Filter Include="Archivos de origen\components">
      <UniqueIdentifier>{2664b910-a5ab-4bae-a055-bebc2378fbbc}</UniqueIdentifier>
    </Filter>
    <Filter Include="Archivos de encabezado\components">
      <UniqueIdentifier>{331b87ca-e883-4452-8e09-6e4beac1db14}</UniqueIdentifier>
    </Filter>
    <Filter Include="Archivos de encabezado\components\ECS">
      <UniqueIdentifier>{e48a5f44-5ab4-4580-8bd9-ad1a17d8a729}</UniqueIdentifier>
    </Filter>
    <Filter Include="Archivos de origen\components\ECS">
      <UniqueIdentifier>{a088b915-8d38-489c-954b-f8c60b39f476}</UniqueIdentifier>
    </Filter>
    <Filter Include="Archivos de origen\system\ENGINE">
      <UniqueIdentifier>{a8e47618-07da-40d6-9e6c-da2fa55ba3bf}</UniqueIdentifier>
    </Filter>
    <Filter Include="Archivos de encabezado\System\ENGINE">
      <UniqueIdentifier>{4a6b807c-44b3-4019-84b1-4b6d7d5cc6cb}</UniqueIdentifier>
    </Filter>
    <Filter Include="Archivos de encabezado\Rendering\nanovg">
      <UniqueIdentifier>{c56779c9-267b-48dc-ad8d-c8501994229b}</UniqueIdentifier>
    </Filter>
    <Filter Include="Archivos de origen\render\nanovg">
      <UniqueIdentifier>{9fcee1b4-043b-489e-ae47-50cc76f1a77c}</UniqueIdentifier>
    </Filter>
    <Filter Include="Archivos de origen\system\Utils">
      <UniqueIdentifier>{d1d3def7-80ad-4f90-9c21-bd7986acf7ab}</UniqueIdentifier>
    </Filter>
    <Filter Include="Archivos de encabezado\System\Utils">
      <UniqueIdentifier>{6fb13e96-a41d-41cf-9e3d-063498067cf1}</UniqueIdentifier>
    </Filter>
    <Filter Include="Archivos de encabezado\System\Utils\Allocators">
      <UniqueIdentifier>{02664d2b-f146-4223-9d9c-386de7b13cc5}</UniqueIdentifier>
    </Filter>
    <Filter Include="Archivos de origen\system\Utils\Allocators">
      <UniqueIdentifier>{48782091-e64a-4a6b-91ec-240e1597d45d}</UniqueIdentifier>
    </Filter>
    <Filter Include="Archivos de origen\system\Threading">
      <UniqueIdentifier>{80f1d41a-da4d-429b-9f8d-ef2bc068a8cb}</UniqueIdentifier>
    </Filter>
    <Filter Include="Archivos de encabezado\Rendering\glBackend">
      <UniqueIdentifier>{15d6e6fa-e790-4d53-9617-7e06d6aa3f5c}</UniqueIdentifier>
    </Filter>
    <Filter Include="Archivos de origen\render\glBackend">
      <UniqueIdentifier>{db4ff648-3b55-439e-907c-17f7d499c1ae}</UniqueIdentifier>
    </Filter>
    <Filter Include="Archivos de encabezado\System\Threading">
      <UniqueIdentifier>{d8aecc8c-00d7-4f02-a0cf-df96ad5dca4d}</UniqueIdentifier>
    </Filter>
  </ItemGroup>
  <ItemGroup>
    <ClCompile Include="System\ArrayList.cpp">
      <Filter>Archivos de origen\system</Filter>
    </ClCompile>
    <ClCompile Include="System\FileIO.cpp">
      <Filter>Archivos de origen\system</Filter>
    </ClCompile>
    <ClCompile Include="System\ModelHandling\modelFormat.cpp">
      <Filter>Archivos de origen\system\ModelLoading</Filter>
    </ClCompile>
    <ClCompile Include="System\ModelHandling\modelParser.cpp">
      <Filter>Archivos de origen\system\ModelLoading</Filter>
    </ClCompile>
    <ClCompile Include="Components\Camera.cpp">
      <Filter>Archivos de origen\components</Filter>
    </ClCompile>
    <ClCompile Include="Components\material.cpp">
      <Filter>Archivos de origen\components</Filter>
    </ClCompile>
    <ClCompile Include="Components\ModelObject.cpp">
      <Filter>Archivos de origen\components</Filter>
    </ClCompile>
    <ClCompile Include="Components\Transform.cpp">
      <Filter>Archivos de origen\components</Filter>
    </ClCompile>
    <ClCompile Include="Components\ECS\ComponentBase.cpp">
      <Filter>Archivos de origen\components\ECS</Filter>
    </ClCompile>
    <ClCompile Include="Components\ECS\EntityBase.cpp">
      <Filter>Archivos de origen\components\ECS</Filter>
    </ClCompile>
    <ClCompile Include="Components\ECS\EntityMMU.cpp">
      <Filter>Archivos de origen\components\ECS</Filter>
    </ClCompile>
    <ClCompile Include="Components\ECS\EntitySystem.cpp">
      <Filter>Archivos de origen\components\ECS</Filter>
    </ClCompile>
    <ClCompile Include="System\Game_Window.cpp">
      <Filter>Archivos de origen\system\ENGINE</Filter>
    </ClCompile>
    <ClCompile Include="System\GameApplication.cpp">
      <Filter>Archivos de origen\system\ENGINE</Filter>
    </ClCompile>
    <ClCompile Include="System\InputManager.cpp">
      <Filter>Archivos de origen\system\ENGINE</Filter>
    </ClCompile>
    <ClCompile Include="System\PhysicsCore.cpp">
      <Filter>Archivos de origen\system\ENGINE</Filter>
    </ClCompile>
    <ClCompile Include="System\AudioCore.cpp">
      <Filter>Archivos de origen\system\ENGINE</Filter>
    </ClCompile>
    <ClCompile Include="main-UnitTesting.cpp">
      <Filter>Archivos de origen</Filter>
    </ClCompile>
    <ClCompile Include="Components\ECS\Components.cpp">
      <Filter>Archivos de origen\components\ECS</Filter>
    </ClCompile>
    <ClCompile Include="System\RenderingCore.cpp">
      <Filter>Archivos de origen\system\ENGINE</Filter>
    </ClCompile>
    <ClCompile Include="Rendering\UI\nanovg\nanovg.c">
      <Filter>Archivos de origen\render\nanovg</Filter>
    </ClCompile>
    <ClCompile Include="ECS_testing_main.cpp">
      <Filter>Archivos de origen</Filter>
    </ClCompile>
    <ClCompile Include="System\Utils\Allocators\StackAllocator.cpp">
      <Filter>Archivos de origen\system\Utils\Allocators</Filter>
    </ClCompile>
    <ClCompile Include="System\Utils\Allocators\GenericAllocator.cpp">
      <Filter>Archivos de origen\system\Utils\Allocators</Filter>
    </ClCompile>
    <ClCompile Include="Components\ECS\SystemBase.cpp">
      <Filter>Archivos de origen\components\ECS</Filter>
    </ClCompile>
    <ClCompile Include="Rendering\GLmesh.cpp">
      <Filter>Archivos de origen\render\glBackend</Filter>
    </ClCompile>
    <ClCompile Include="Rendering\GLtexture.cpp">
      <Filter>Archivos de origen\render\glBackend</Filter>
    </ClCompile>
    <ClCompile Include="Rendering\Shader.cpp">
      <Filter>Archivos de origen\render\glBackend</Filter>
    </ClCompile>
    <ClCompile Include="System\DebugSystem.cpp">
      <Filter>Archivos de encabezado\System</Filter>
    </ClCompile>
    <ClCompile Include="System\Threading\TaskManager.cpp">
      <Filter>Archivos de origen\system\Threading</Filter>
    </ClCompile>
    <ClCompile Include="System\Threading\Task.cpp">
      <Filter>Archivos de origen\system\Threading</Filter>
    </ClCompile>
  </ItemGroup>
  <ItemGroup>
    <ClInclude Include="System\ArrayList.h">
      <Filter>Archivos de encabezado\System</Filter>
    </ClInclude>
    <ClInclude Include="System\FileIO.h">
      <Filter>Archivos de encabezado\System</Filter>
    </ClInclude>
    <ClInclude Include="System\ModelHandling\modelFormat.h">
      <Filter>Archivos de encabezado\System\ModelLoading</Filter>
    </ClInclude>
    <ClInclude Include="System\ModelHandling\modelParser.h">
      <Filter>Archivos de encabezado\System\ModelLoading</Filter>
    </ClInclude>
    <ClInclude Include="Components\Camera.h">
      <Filter>Archivos de encabezado\components</Filter>
    </ClInclude>
    <ClInclude Include="Components\material.h">
      <Filter>Archivos de encabezado\components</Filter>
    </ClInclude>
    <ClInclude Include="Components\Transform.h">
      <Filter>Archivos de encabezado\components</Filter>
    </ClInclude>
    <ClInclude Include="Components\ModelObject.h">
      <Filter>Archivos de encabezado\components</Filter>
    </ClInclude>
    <ClInclude Include="Components\ECS\ComponentBase.h">
      <Filter>Archivos de encabezado\components\ECS</Filter>
    </ClInclude>
    <ClInclude Include="Components\ECS\EntityBase.h">
      <Filter>Archivos de encabezado\components\ECS</Filter>
    </ClInclude>
    <ClInclude Include="System\AudioCore.h">
      <Filter>Archivos de encabezado\System\ENGINE</Filter>
    </ClInclude>
    <ClInclude Include="System\Game_Window.h">
      <Filter>Archivos de encabezado\System\ENGINE</Filter>
    </ClInclude>
    <ClInclude Include="System\GameApplication.h">
      <Filter>Archivos de encabezado\System\ENGINE</Filter>
    </ClInclude>
    <ClInclude Include="System\InputManager.h">
      <Filter>Archivos de encabezado\System\ENGINE</Filter>
    </ClInclude>
    <ClInclude Include="System\PhysicsCore.h">
      <Filter>Archivos de encabezado\System\ENGINE</Filter>
    </ClInclude>
    <ClInclude Include="Components\ECS\ComponentsMMU.h">
      <Filter>Archivos de encabezado\components\ECS</Filter>
    </ClInclude>
    <ClInclude Include="System\RenderingCore.h">
      <Filter>Archivos de encabezado\System\ENGINE</Filter>
    </ClInclude>
    <ClInclude Include="Components\ECS\Component.h">
      <Filter>Archivos de encabezado\components\ECS</Filter>
    </ClInclude>
    <ClInclude Include="Rendering\UI\nanovg\nanovg.h">
      <Filter>Archivos de encabezado\Rendering\nanovg</Filter>
    </ClInclude>
    <ClInclude Include="Rendering\UI\nanovg\nanovg_gl.h">
      <Filter>Archivos de encabezado\Rendering\nanovg</Filter>
    </ClInclude>
    <ClInclude Include="Rendering\UI\nanovg\nanovg_gl_utils.h">
      <Filter>Archivos de encabezado\Rendering\nanovg</Filter>
    </ClInclude>
    <ClInclude Include="Rendering\UI\nanovg\stb_image.h">
      <Filter>Archivos de encabezado\Rendering\nanovg</Filter>
    </ClInclude>
    <ClInclude Include="Rendering\UI\nanovg\stb_truetype.h">
      <Filter>Archivos de encabezado\Rendering\nanovg</Filter>
    </ClInclude>
    <ClInclude Include="Rendering\UI\nanovg\fontstash.h">
      <Filter>Archivos de encabezado\Rendering\nanovg</Filter>
    </ClInclude>
    <ClInclude Include="System\Utils\Allocators\GenericAllocator.h">
      <Filter>Archivos de encabezado\System\Utils\Allocators</Filter>
    </ClInclude>
    <ClInclude Include="System\Utils\Allocators\StackAllocator.h">
      <Filter>Archivos de encabezado\System\Utils\Allocators</Filter>
    </ClInclude>
    <ClInclude Include="Components\ECS\SystemBase.h">
      <Filter>Archivos de encabezado\components\ECS</Filter>
    </ClInclude>
    <ClInclude Include="System\DebugSystem.h">
      <Filter>Archivos de encabezado\System</Filter>
    </ClInclude>
    <ClInclude Include="Rendering\GLmesh.h">
      <Filter>Archivos de encabezado\Rendering\glBackend</Filter>
    </ClInclude>
    <ClInclude Include="Rendering\GLtexture.h">
      <Filter>Archivos de encabezado\Rendering\glBackend</Filter>
    </ClInclude>
    <ClInclude Include="Rendering\Shader.h">
      <Filter>Archivos de encabezado\Rendering\glBackend</Filter>
    </ClInclude>
    <ClInclude Include="System\Threading\Task.h">
      <Filter>Archivos de encabezado\System\Threading</Filter>
    </ClInclude>
    <ClInclude Include="System\Threading\TaskManager.h">
      <Filter>Archivos de encabezado\System\Threading</Filter>
    </ClInclude>
    <ClInclude Include="Components\ECS\EntitySystem.h">
      <Filter>Archivos de encabezado\components\ECS</Filter>
    </ClInclude>
  </ItemGroup>
</Project>